# THIS IS AN AUTOGENERATED FILE. DO NOT EDIT THIS FILE DIRECTLY.
# yarn lockfile v1


"@types/node@^20.6.5":
  version "20.6.5"
  resolved "https://registry.yarnpkg.com/@types/node/-/node-20.6.5.tgz#4c6a79adf59a8e8193ac87a0e522605b16587258"
  integrity sha512-2qGq5LAOTh9izcc0+F+dToFigBWiK1phKPt7rNhOqJSr35y8rlIBjDwGtFSgAI6MGIhjwOVNSQZVdJsZJ2uR1w==
